// !$*UTF8*$!
{
	archiveVersion = 1;
	classes = {
	};
	objectVersion = 56;
	objects = {

/* Begin PBXBuildFile section */
		315CADF728DCF36C00FEF745 /* analyze_imageApp.swift in Sources */ = {isa = PBXBuildFile; fileRef = 315CADF628DCF36C00FEF745 /* analyze_imageApp.swift */; };
		315CADF928DCF36C00FEF745 /* ContentView.swift in Sources */ = {isa = PBXBuildFile; fileRef = 315CADF828DCF36C00FEF745 /* ContentView.swift */; };
		315CADFB28DCF36E00FEF745 /* Assets.xcassets in Resources */ = {isa = PBXBuildFile; fileRef = 315CADFA28DCF36E00FEF745 /* Assets.xcassets */; };
		315CADFE28DCF36E00FEF745 /* Preview Assets.xcassets in Resources */ = {isa = PBXBuildFile; fileRef = 315CADFD28DCF36E00FEF745 /* Preview Assets.xcassets */; };
		315CAE0928DD003F00FEF745 /* InfoPanelView.swift in Sources */ = {isa = PBXBuildFile; fileRef = 315CAE0828DD003F00FEF745 /* InfoPanelView.swift */; };
		315CAE0B28DD093E00FEF745 /* ControlImageView.swift in Sources */ = {isa = PBXBuildFile; fileRef = 315CAE0A28DD093E00FEF745 /* ControlImageView.swift */; };
		315CAE0D28DDD22500FEF745 /* PageModel.swift in Sources */ = {isa = PBXBuildFile; fileRef = 315CAE0C28DDD22500FEF745 /* PageModel.swift */; };
		315CAE0F28DDD2BD00FEF745 /* PageData.swift in Sources */ = {isa = PBXBuildFile; fileRef = 315CAE0E28DDD2BD00FEF745 /* PageData.swift */; };
/* End PBXBuildFile section */

/* Begin PBXFileReference section */
		315CADF328DCF36C00FEF745 /* analyze image.app */ = {isa = PBXFileReference; explicitFileType = wrapper.application; includeInIndex = 0; path = "analyze image.app"; sourceTree = BUILT_PRODUCTS_DIR; };
		315CADF628DCF36C00FEF745 /* analyze_imageApp.swift */ = {isa = PBXFileReference; lastKnownFileType = sourcecode.swift; path = analyze_imageApp.swift; sourceTree = "<group>"; };
		315CADF828DCF36C00FEF745 /* ContentView.swift */ = {isa = PBXFileReference; lastKnownFileType = sourcecode.swift; path = ContentView.swift; sourceTree = "<group>"; };
		315CADFA28DCF36E00FEF745 /* Assets.xcassets */ = {isa = PBXFileReference; lastKnownFileType = folder.assetcatalog; path = Assets.xcassets; sourceTree = "<group>"; };
		315CADFD28DCF36E00FEF745 /* Preview Assets.xcassets */ = {isa = PBXFileReference; lastKnownFileType = folder.assetcatalog; path = "Preview Assets.xcassets"; sourceTree = "<group>"; };
		315CAE0828DD003F00FEF745 /* InfoPanelView.swift */ = {isa = PBXFileReference; lastKnownFileType = sourcecode.swift; path = InfoPanelView.swift; sourceTree = "<group>"; };
		315CAE0A28DD093E00FEF745 /* ControlImageView.swift */ = {isa = PBXFileReference; lastKnownFileType = sourcecode.swift; path = ControlImageView.swift; sourceTree = "<group>"; };
		315CAE0C28DDD22500FEF745 /* PageModel.swift */ = {isa = PBXFileReference; lastKnownFileType = sourcecode.swift; path = PageModel.swift; sourceTree = "<group>"; };
		315CAE0E28DDD2BD00FEF745 /* PageData.swift */ = {isa = PBXFileReference; lastKnownFileType = sourcecode.swift; path = PageData.swift; sourceTree = "<group>"; };
/* End PBXFileReference section */

/* Begin PBXFrameworksBuildPhase section */
		315CADF028DCF36C00FEF745 /* Frameworks */ = {
			isa = PBXFrameworksBuildPhase;
			buildActionMask = 2147483647;
			files = (
			);
			runOnlyForDeploymentPostprocessing = 0;
		};
/* End PBXFrameworksBuildPhase section */

/* Begin PBXGroup section */
		315CADEA28DCF36C00FEF745 = {
			isa = PBXGroup;
			children = (
				315CADF528DCF36C00FEF745 /* analyze image */,
				315CADF428DCF36C00FEF745 /* Products */,
			);
			sourceTree = "<group>";
		};
		315CADF428DCF36C00FEF745 /* Products */ = {
			isa = PBXGroup;
			children = (
				315CADF328DCF36C00FEF745 /* analyze image.app */,
			);
			name = Products;
			sourceTree = "<group>";
		};
		315CADF528DCF36C00FEF745 /* analyze image */ = {
			isa = PBXGroup;
			children = (
				315CAE0728DCF6A700FEF745 /* Data */,
				315CAE0628DCF69900FEF745 /* Model */,
				315CAE0528DCF67E00FEF745 /* View */,
				315CAE0428DCF5BC00FEF745 /* Screens */,
				315CADF628DCF36C00FEF745 /* analyze_imageApp.swift */,
				315CADFA28DCF36E00FEF745 /* Assets.xcassets */,
				315CADFC28DCF36E00FEF745 /* Preview Content */,
			);
			path = "analyze image";
			sourceTree = "<group>";
		};
		315CADFC28DCF36E00FEF745 /* Preview Content */ = {
			isa = PBXGroup;
			children = (
				315CADFD28DCF36E00FEF745 /* Preview Assets.xcassets */,
			);
			path = "Preview Content";
			sourceTree = "<group>";
		};
		315CAE0428DCF5BC00FEF745 /* Screens */ = {
			isa = PBXGroup;
			children = (
				315CADF828DCF36C00FEF745 /* ContentView.swift */,
			);
			path = Screens;
			sourceTree = "<group>";
		};
		315CAE0528DCF67E00FEF745 /* View */ = {
			isa = PBXGroup;
			children = (
				315CAE0828DD003F00FEF745 /* InfoPanelView.swift */,
				315CAE0A28DD093E00FEF745 /* ControlImageView.swift */,
			);
			path = View;
			sourceTree = "<group>";
		};
		315CAE0628DCF69900FEF745 /* Model */ = {
			isa = PBXGroup;
			children = (
				315CAE0C28DDD22500FEF745 /* PageModel.swift */,
			);
			path = Model;
			sourceTree = "<group>";
		};
		315CAE0728DCF6A700FEF745 /* Data */ = {
			isa = PBXGroup;
			children = (
				315CAE0E28DDD2BD00FEF745 /* PageData.swift */,
			);
			path = Data;
			sourceTree = "<group>";
		};
/* End PBXGroup section */

/* Begin PBXNativeTarget section */
		315CADF228DCF36C00FEF745 /* analyze image */ = {
			isa = PBXNativeTarget;
			buildConfigurationList = 315CAE0128DCF36E00FEF745 /* Build configuration list for PBXNativeTarget "analyze image" */;
			buildPhases = (
				315CADEF28DCF36C00FEF745 /* Sources */,
				315CADF028DCF36C00FEF745 /* Frameworks */,
				315CADF128DCF36C00FEF745 /* Resources */,
			);
			buildRules = (
			);
			dependencies = (
			);
			name = "analyze image";
			productName = "analyze image";
			productReference = 315CADF328DCF36C00FEF745 /* analyze image.app */;
			productType = "com.apple.product-type.application";
		};
/* End PBXNativeTarget section */

/* Begin PBXProject section */
		315CADEB28DCF36C00FEF745 /* Project object */ = {
			isa = PBXProject;
			attributes = {
				BuildIndependentTargetsInParallel = 1;
				LastSwiftUpdateCheck = 1400;
				LastUpgradeCheck = 1400;
				TargetAttributes = {
					315CADF228DCF36C00FEF745 = {
						CreatedOnToolsVersion = 14.0;
					};
				};
			};
			buildConfigurationList = 315CADEE28DCF36C00FEF745 /* Build configuration list for PBXProject "analyze image" */;
			compatibilityVersion = "Xcode 14.0";
			developmentRegion = en;
			hasScannedForEncodings = 0;
			knownRegions = (
				en,
				Base,
			);
			mainGroup = 315CADEA28DCF36C00FEF745;
			productRefGroup = 315CADF428DCF36C00FEF745 /* Products */;
			projectDirPath = "";
			projectRoot = "";
			targets = (
				315CADF228DCF36C00FEF745 /* analyze image */,
			);
		};
/* End PBXProject section */

/* Begin PBXResourcesBuildPhase section */
		315CADF128DCF36C00FEF745 /* Resources */ = {
			isa = PBXResourcesBuildPhase;
			buildActionMask = 2147483647;
			files = (
				315CADFE28DCF36E00FEF745 /* Preview Assets.xcassets in Resources */,
				315CADFB28DCF36E00FEF745 /* Assets.xcassets in Resources */,
			);
			runOnlyForDeploymentPostprocessing = 0;
		};
/* End PBXResourcesBuildPhase section */

/* Begin PBXSourcesBuildPhase section */
		315CADEF28DCF36C00FEF745 /* Sources */ = {
			isa = PBXSourcesBuildPhase;
			buildActionMask = 2147483647;
			files = (
				315CAE0B28DD093E00FEF745 /* ControlImageView.swift in Sources */,
				315CAE0D28DDD22500FEF745 /* PageModel.swift in Sources */,
				315CADF928DCF36C00FEF745 /* ContentView.swift in Sources */,
				315CADF728DCF36C00FEF745 /* analyze_imageApp.swift in Sources */,
				315CAE0F28DDD2BD00FEF745 /* PageData.swift in Sources */,
				315CAE0928DD003F00FEF745 /* InfoPanelView.swift in Sources */,
			);
			runOnlyForDeploymentPostprocessing = 0;
		};
/* End PBXSourcesBuildPhase section */

/* Begin XCBuildConfiguration section */
		315CADFF28DCF36E00FEF745 /* Debug */ = {
			isa = XCBuildConfiguration;
			buildSettings = {
				ALWAYS_SEARCH_USER_PATHS = NO;
				CLANG_ANALYZER_NONNULL = YES;
				CLANG_ANALYZER_NUMBER_OBJECT_CONVERSION = YES_AGGRESSIVE;
				CLANG_CXX_LANGUAGE_STANDARD = "gnu++20";
				CLANG_ENABLE_MODULES = YES;
				CLANG_ENABLE_OBJC_ARC = YES;
				CLANG_ENABLE_OBJC_WEAK = YES;
				CLANG_WARN_BLOCK_CAPTURE_AUTORELEASING = YES;
				CLANG_WARN_BOOL_CONVERSION = YES;
				CLANG_WARN_COMMA = YES;
				CLANG_WARN_CONSTANT_CONVERSION = YES;
				CLANG_WARN_DEPRECATED_OBJC_IMPLEMENTATIONS = YES;
				CLANG_WARN_DIRECT_OBJC_ISA_USAGE = YES_ERROR;
				CLANG_WARN_DOCUMENTATION_COMMENTS = YES;
				CLANG_WARN_EMPTY_BODY = YES;
				CLANG_WARN_ENUM_CONVERSION = YES;
				CLANG_WARN_INFINITE_RECURSION = YES;
				CLANG_WARN_INT_CONVERSION = YES;
				CLANG_WARN_NON_LITERAL_NULL_CONVERSION = YES;
				CLANG_WARN_OBJC_IMPLICIT_RETAIN_SELF = YES;
				CLANG_WARN_OBJC_LITERAL_CONVERSION = YES;
				CLANG_WARN_OBJC_ROOT_CLASS = YES_ERROR;
				CLANG_WARN_QUOTED_INCLUDE_IN_FRAMEWORK_HEADER = YES;
				CLANG_WARN_RANGE_LOOP_ANALYSIS = YES;
				CLANG_WARN_STRICT_PROTOTYPES = YES;
				CLANG_WARN_SUSPICIOUS_MOVE = YES;
				CLANG_WARN_UNGUARDED_AVAILABILITY = YES_AGGRESSIVE;
				CLANG_WARN_UNREACHABLE_CODE = YES;
				CLANG_WARN__DUPLICATE_METHOD_MATCH = YES;
				COPY_PHASE_STRIP = NO;
				DEBUG_INFORMATION_FORMAT = dwarf;
				ENABLE_STRICT_OBJC_MSGSEND = YES;
				ENABLE_TESTABILITY = YES;
				GCC_C_LANGUAGE_STANDARD = gnu11;
				GCC_DYNAMIC_NO_PIC = NO;
				GCC_NO_COMMON_BLOCKS = YES;
				GCC_OPTIMIZATION_LEVEL = 0;
				GCC_PREPROCESSOR_DEFINITIONS = (
					"DEBUG=1",
					"$(inherited)",
				);
				GCC_WARN_64_TO_32_BIT_CONVERSION = YES;
				GCC_WARN_ABOUT_RETURN_TYPE = YES_ERROR;
				GCC_WARN_UNDECLARED_SELECTOR = YES;
				GCC_WARN_UNINITIALIZED_AUTOS = YES_AGGRESSIVE;
				GCC_WARN_UNUSED_FUNCTION = YES;
				GCC_WARN_UNUSED_VARIABLE = YES;
				IPHONEOS_DEPLOYMENT_TARGET = 16.0;
				MTL_ENABLE_DEBUG_INFO = INCLUDE_SOURCE;
				MTL_FAST_MATH = YES;
				ONLY_ACTIVE_ARCH = YES;
				SDKROOT = iphoneos;
				SWIFT_ACTIVE_COMPILATION_CONDITIONS = DEBUG;
				SWIFT_OPTIMIZATION_LEVEL = "-Onone";
			};
			name = Debug;
		};
		315CAE0028DCF36E00FEF745 /* Release */ = {
			isa = XCBuildConfiguration;
			buildSettings = {
				ALWAYS_SEARCH_USER_PATHS = NO;
				CLANG_ANALYZER_NONNULL = YES;
				CLANG_ANALYZER_NUMBER_OBJECT_CONVERSION = YES_AGGRESSIVE;
				CLANG_CXX_LANGUAGE_STANDARD = "gnu++20";
				CLANG_ENABLE_MODULES = YES;
				CLANG_ENABLE_OBJC_ARC = YES;
				CLANG_ENABLE_OBJC_WEAK = YES;
				CLANG_WARN_BLOCK_CAPTURE_AUTORELEASING = YES;
				CLANG_WARN_BOOL_CONVERSION = YES;
				CLANG_WARN_COMMA = YES;
				CLANG_WARN_CONSTANT_CONVERSION = YES;
				CLANG_WARN_DEPRECATED_OBJC_IMPLEMENTATIONS = YES;
				CLANG_WARN_DIRECT_OBJC_ISA_USAGE = YES_ERROR;
				CLANG_WARN_DOCUMENTATION_COMMENTS = YES;
				CLANG_WARN_EMPTY_BODY = YES;
				CLANG_WARN_ENUM_CONVERSION = YES;
				CLANG_WARN_INFINITE_RECURSION = YES;
				CLANG_WARN_INT_CONVERSION = YES;
				CLANG_WARN_NON_LITERAL_NULL_CONVERSION = YES;
				CLANG_WARN_OBJC_IMPLICIT_RETAIN_SELF = YES;
				CLANG_WARN_OBJC_LITERAL_CONVERSION = YES;
				CLANG_WARN_OBJC_ROOT_CLASS = YES_ERROR;
				CLANG_WARN_QUOTED_INCLUDE_IN_FRAMEWORK_HEADER = YES;
				CLANG_WARN_RANGE_LOOP_ANALYSIS = YES;
				CLANG_WARN_STRICT_PROTOTYPES = YES;
				CLANG_WARN_SUSPICIOUS_MOVE = YES;
				CLANG_WARN_UNGUARDED_AVAILABILITY = YES_AGGRESSIVE;
				CLANG_WARN_UNREACHABLE_CODE = YES;
				CLANG_WARN__DUPLICATE_METHOD_MATCH = YES;
				COPY_PHASE_STRIP = NO;
				DEBUG_INFORMATION_FORMAT = "dwarf-with-dsym";
				ENABLE_NS_ASSERTIONS = NO;
				ENABLE_STRICT_OBJC_MSGSEND = YES;
				GCC_C_LANGUAGE_STANDARD = gnu11;
				GCC_NO_COMMON_BLOCKS = YES;
				GCC_WARN_64_TO_32_BIT_CONVERSION = YES;
				GCC_WARN_ABOUT_RETURN_TYPE = YES_ERROR;
				GCC_WARN_UNDECLARED_SELECTOR = YES;
				GCC_WARN_UNINITIALIZED_AUTOS = YES_AGGRESSIVE;
				GCC_WARN_UNUSED_FUNCTION = YES;
				GCC_WARN_UNUSED_VARIABLE = YES;
				IPHONEOS_DEPLOYMENT_TARGET = 16.0;
				MTL_ENABLE_DEBUG_INFO = NO;
				MTL_FAST_MATH = YES;
				SDKROOT = iphoneos;
				SWIFT_COMPILATION_MODE = wholemodule;
				SWIFT_OPTIMIZATION_LEVEL = "-O";
				VALIDATE_PRODUCT = YES;
			};
			name = Release;
		};
		315CAE0228DCF36E00FEF745 /* Debug */ = {
			isa = XCBuildConfiguration;
			buildSettings = {
				ASSETCATALOG_COMPILER_APPICON_NAME = AppIcon;
				ASSETCATALOG_COMPILER_GLOBAL_ACCENT_COLOR_NAME = AccentColor;
				CODE_SIGN_STYLE = Automatic;
				CURRENT_PROJECT_VERSION = 1;
				DEVELOPMENT_ASSET_PATHS = "\"analyze image/Preview Content\"";
				DEVELOPMENT_TEAM = MRWW7972SX;
				ENABLE_PREVIEWS = YES;
				GENERATE_INFOPLIST_FILE = YES;
				INFOPLIST_KEY_UIApplicationSceneManifest_Generation = YES;
				INFOPLIST_KEY_UIApplicationSupportsIndirectInputEvents = YES;
				INFOPLIST_KEY_UILaunchScreen_Generation = YES;
				INFOPLIST_KEY_UISupportedInterfaceOrientations = UIInterfaceOrientationPortrait;
				INFOPLIST_KEY_UISupportedInterfaceOrientations_iPad = "UIInterfaceOrientationLandscapeLeft UIInterfaceOrientationLandscapeRight UIInterfaceOrientationPortrait UIInterfaceOrientationPortraitUpsideDown";
				LD_RUNPATH_SEARCH_PATHS = (
					"$(inherited)",
					"@executable_path/Frameworks",
				);
				MARKETING_VERSION = 1.0;
				PRODUCT_BUNDLE_IDENTIFIER = "silvaneimartins.analyze-image";
				PRODUCT_NAME = "$(TARGET_NAME)";
				SWIFT_EMIT_LOC_STRINGS = YES;
				SWIFT_VERSION = 5.0;
				TARGETED_DEVICE_FAMILY = "1,2";
			};
			name = Debug;
		};
		315CAE0328DCF36E00FEF745 /* Release */ = {
			isa = XCBuildConfiguration;
			buildSettings = {
				ASSETCATALOG_COMPILER_APPICON_NAME = AppIcon;
				ASSETCATALOG_COMPILER_GLOBAL_ACCENT_COLOR_NAME = AccentColor;
				CODE_SIGN_STYLE = Automatic;
				CURRENT_PROJECT_VERSION = 1;
				DEVELOPMENT_ASSET_PATHS = "\"analyze image/Preview Content\"";
				DEVELOPMENT_TEAM = MRWW7972SX;
				ENABLE_PREVIEWS = YES;
				GENERATE_INFOPLIST_FILE = YES;
				INFOPLIST_KEY_UIApplicationSceneManifest_Generation = YES;
				INFOPLIST_KEY_UIApplicationSupportsIndirectInputEvents = YES;
				INFOPLIST_KEY_UILaunchScreen_Generation = YES;
				INFOPLIST_KEY_UISupportedInterfaceOrientations = UIInterfaceOrientationPortrait;
				INFOPLIST_KEY_UISupportedInterfaceOrientations_iPad = "UIInterfaceOrientationLandscapeLeft UIInterfaceOrientationLandscapeRight UIInterfaceOrientationPortrait UIInterfaceOrientationPortraitUpsideDown";
				LD_RUNPATH_SEARCH_PATHS = (
					"$(inherited)",
					"@executable_path/Frameworks",
				);
				MARKETING_VERSION = 1.0;
				PRODUCT_BUNDLE_IDENTIFIER = "silvaneimartins.analyze-image";
				PRODUCT_NAME = "$(TARGET_NAME)";
				SWIFT_EMIT_LOC_STRINGS = YES;
				SWIFT_VERSION = 5.0;
				TARGETED_DEVICE_FAMILY = "1,2";
			};
			name = Release;
		};
/* End XCBuildConfiguration section */

/* Begin XCConfigurationList section */
		315CADEE28DCF36C00FEF745 /* Build configuration list for PBXProject "analyze image" */ = {
			isa = XCConfigurationList;
			buildConfigurations = (
				315CADFF28DCF36E00FEF745 /* Debug */,
				315CAE0028DCF36E00FEF745 /* Release */,
			);
			defaultConfigurationIsVisible = 0;
			defaultConfigurationName = Release;
		};
		315CAE0128DCF36E00FEF745 /* Build configuration list for PBXNativeTarget "analyze image" */ = {
			isa = XCConfigurationList;
			buildConfigurations = (
				315CAE0228DCF36E00FEF745 /* Debug */,
				315CAE0328DCF36E00FEF745 /* Release */,
			);
			defaultConfigurationIsVisible = 0;
			defaultConfigurationName = Release;
		};
/* End XCConfigurationList section */
	};
	rootObject = 315CADEB28DCF36C00FEF745 /* Project object */;
}
